
Microsoft Visual Studio Solution File, Format Version 12.00
# Visual Studio 15
VisualStudioVersion = 15.0.28307.572
MinimumVisualStudioVersion = 10.0.40219.1
Project("{FAE04EC0-301F-11D3-BF4B-00C04F79EFBC}") = "practicing-git", "practicing-git\practicing-git.csproj", "{26B3BD58-BC31-4FEA-BA21-FBC2EBD5FD84}"
EndProject
Global
	GlobalSection(SolutionConfigurationPlatforms) = preSolution
		Debug|Any CPU = Debug|Any CPU
		Release|Any CPU = Release|Any CPU
	EndGlobalSection
	GlobalSection(ProjectConfigurationPlatforms) = postSolution
		{26B3BD58-BC31-4FEA-BA21-FBC2EBD5FD84}.Debug|Any CPU.ActiveCfg = Debug|Any CPU
		{26B3BD58-BC31-4FEA-BA21-FBC2EBD5FD84}.Debug|Any CPU.Build.0 = Debug|Any CPU
		{26B3BD58-BC31-4FEA-BA21-FBC2EBD5FD84}.Release|Any CPU.ActiveCfg = Release|Any CPU
		{26B3BD58-BC31-4FEA-BA21-FBC2EBD5FD84}.Release|Any CPU.Build.0 = Release|Any CPU
	EndGlobalSection
	GlobalSection(SolutionProperties) = preSolution
		HideSolutionNode = FALSE
	EndGlobalSection
	GlobalSection(ExtensibilityGlobals) = postSolution
		SolutionGuid = {D01BB01C-A819-4C38-B593-3BD707A6D300}
	EndGlobalSection
EndGlobal
